
Microsoft Visual Studio Solution File, Format Version 12.00
# Visual Studio Version 17
VisualStudioVersion = 17.8.34316.72
MinimumVisualStudioVersion = 10.0.40219.1
Project("{FAE04EC0-301F-11D3-BF4B-00C04F79EFBC}") = "msgDavid", "msgDavid\msgDavid.csproj", "{A854B181-E06E-443E-ABA1-91D4E1647F1E}"
EndProject
Global
	GlobalSection(SolutionConfigurationPlatforms) = preSolution
		Debug|Any CPU = Debug|Any CPU
		Release|Any CPU = Release|Any CPU
	EndGlobalSection
	GlobalSection(ProjectConfigurationPlatforms) = postSolution
		{A854B181-E06E-443E-ABA1-91D4E1647F1E}.Debug|Any CPU.ActiveCfg = Debug|Any CPU
		{A854B181-E06E-443E-ABA1-91D4E1647F1E}.Debug|Any CPU.Build.0 = Debug|Any CPU
		{A854B181-E06E-443E-ABA1-91D4E1647F1E}.Release|Any CPU.ActiveCfg = Release|Any CPU
		{A854B181-E06E-443E-ABA1-91D4E1647F1E}.Release|Any CPU.Build.0 = Release|Any CPU
	EndGlobalSection
	GlobalSection(SolutionProperties) = preSolution
		HideSolutionNode = FALSE
	EndGlobalSection
	GlobalSection(ExtensibilityGlobals) = postSolution
		SolutionGuid = {D2FE4F3A-AC5D-42BD-8E2C-097511CCFBB9}
	EndGlobalSection
EndGlobal
